// !$*UTF8*$!
{
	archiveVersion = 1;
	classes = {
	};
	objectVersion = 50;
	objects = {

/* Begin PBXBuildFile section */
		53AB3CEA27B582C00072186A /* AppDelegate.m in Sources */ = {isa = PBXBuildFile; fileRef = 53AB3CE927B582C00072186A /* AppDelegate.m */; };
		53AB3CED27B582C00072186A /* ViewController.m in Sources */ = {isa = PBXBuildFile; fileRef = 53AB3CEC27B582C00072186A /* ViewController.m */; };
		53AB3CEF27B582D20072186A /* Assets.xcassets in Resources */ = {isa = PBXBuildFile; fileRef = 53AB3CEE27B582D20072186A /* Assets.xcassets */; };
		53AB3CF227B582D30072186A /* Main.storyboard in Resources */ = {isa = PBXBuildFile; fileRef = 53AB3CF027B582D30072186A /* Main.storyboard */; };
		53AB3CF527B582D30072186A /* main.m in Sources */ = {isa = PBXBuildFile; fileRef = 53AB3CF427B582D30072186A /* main.m */; };
		53AB3D0027B582D30072186A /* TestTests.m in Sources */ = {isa = PBXBuildFile; fileRef = 53AB3CFF27B582D30072186A /* TestTests.m */; };
		53AB3D0B27B582D30072186A /* TestUITests.m in Sources */ = {isa = PBXBuildFile; fileRef = 53AB3D0A27B582D30072186A /* TestUITests.m */; };
		53AB3D1E27B583B00072186A /* CoreFoundation.framework in Frameworks */ = {isa = PBXBuildFile; fileRef = 53AB3D1C27B583B00072186A /* CoreFoundation.framework */; };
		53AB3D1F27B583B10072186A /* CoreAudio.framework in Frameworks */ = {isa = PBXBuildFile; fileRef = 53AB3D1D27B583B00072186A /* CoreAudio.framework */; };
/* End PBXBuildFile section */

/* Begin PBXContainerItemProxy section */
		53AB3CFC27B582D30072186A /* PBXContainerItemProxy */ = {
			isa = PBXContainerItemProxy;
			containerPortal = 53AB3CDD27B582BF0072186A /* Project object */;
			proxyType = 1;
			remoteGlobalIDString = 53AB3CE427B582C00072186A;
			remoteInfo = Test;
		};
		53AB3D0727B582D30072186A /* PBXContainerItemProxy */ = {
			isa = PBXContainerItemProxy;
			containerPortal = 53AB3CDD27B582BF0072186A /* Project object */;
			proxyType = 1;
			remoteGlobalIDString = 53AB3CE427B582C00072186A;
			remoteInfo = Test;
		};
/* End PBXContainerItemProxy section */

/* Begin PBXFileReference section */
		53AB3CE527B582C00072186A /* Test.app */ = {isa = PBXFileReference; explicitFileType = wrapper.application; includeInIndex = 0; path = Test.app; sourceTree = BUILT_PRODUCTS_DIR; };
		53AB3CE827B582C00072186A /* AppDelegate.h */ = {isa = PBXFileReference; lastKnownFileType = sourcecode.c.h; path = AppDelegate.h; sourceTree = "<group>"; };
		53AB3CE927B582C00072186A /* AppDelegate.m */ = {isa = PBXFileReference; lastKnownFileType = sourcecode.c.objc; path = AppDelegate.m; sourceTree = "<group>"; };
		53AB3CEB27B582C00072186A /* ViewController.h */ = {isa = PBXFileReference; lastKnownFileType = sourcecode.c.h; path = ViewController.h; sourceTree = "<group>"; };
		53AB3CEC27B582C00072186A /* ViewController.m */ = {isa = PBXFileReference; lastKnownFileType = sourcecode.c.objc; path = ViewController.m; sourceTree = "<group>"; };
		53AB3CEE27B582D20072186A /* Assets.xcassets */ = {isa = PBXFileReference; lastKnownFileType = folder.assetcatalog; path = Assets.xcassets; sourceTree = "<group>"; };
		53AB3CF127B582D30072186A /* Base */ = {isa = PBXFileReference; lastKnownFileType = file.storyboard; name = Base; path = Base.lproj/Main.storyboard; sourceTree = "<group>"; };
		53AB3CF327B582D30072186A /* Info.plist */ = {isa = PBXFileReference; lastKnownFileType = text.plist.xml; path = Info.plist; sourceTree = "<group>"; };
		53AB3CF427B582D30072186A /* main.m */ = {isa = PBXFileReference; lastKnownFileType = sourcecode.c.objc; path = main.m; sourceTree = "<group>"; };
		53AB3CF627B582D30072186A /* Test.entitlements */ = {isa = PBXFileReference; lastKnownFileType = text.plist.entitlements; path = Test.entitlements; sourceTree = "<group>"; };
		53AB3CFB27B582D30072186A /* TestTests.xctest */ = {isa = PBXFileReference; explicitFileType = wrapper.cfbundle; includeInIndex = 0; path = TestTests.xctest; sourceTree = BUILT_PRODUCTS_DIR; };
		53AB3CFF27B582D30072186A /* TestTests.m */ = {isa = PBXFileReference; lastKnownFileType = sourcecode.c.objc; path = TestTests.m; sourceTree = "<group>"; };
		53AB3D0127B582D30072186A /* Info.plist */ = {isa = PBXFileReference; lastKnownFileType = text.plist.xml; path = Info.plist; sourceTree = "<group>"; };
		53AB3D0627B582D30072186A /* TestUITests.xctest */ = {isa = PBXFileReference; explicitFileType = wrapper.cfbundle; includeInIndex = 0; path = TestUITests.xctest; sourceTree = BUILT_PRODUCTS_DIR; };
		53AB3D0A27B582D30072186A /* TestUITests.m */ = {isa = PBXFileReference; lastKnownFileType = sourcecode.c.objc; path = TestUITests.m; sourceTree = "<group>"; };
		53AB3D0C27B582D30072186A /* Info.plist */ = {isa = PBXFileReference; lastKnownFileType = text.plist.xml; path = Info.plist; sourceTree = "<group>"; };
		53AB3D1C27B583B00072186A /* CoreFoundation.framework */ = {isa = PBXFileReference; lastKnownFileType = wrapper.framework; name = CoreFoundation.framework; path = System/Library/Frameworks/CoreFoundation.framework; sourceTree = SDKROOT; };
		53AB3D1D27B583B00072186A /* CoreAudio.framework */ = {isa = PBXFileReference; lastKnownFileType = wrapper.framework; name = CoreAudio.framework; path = System/Library/Frameworks/CoreAudio.framework; sourceTree = SDKROOT; };
/* End PBXFileReference section */

/* Begin PBXFrameworksBuildPhase section */
		53AB3CE227B582C00072186A /* Frameworks */ = {
			isa = PBXFrameworksBuildPhase;
			buildActionMask = 2147483647;
			files = (
				53AB3D1F27B583B10072186A /* CoreAudio.framework in Frameworks */,
				53AB3D1E27B583B00072186A /* CoreFoundation.framework in Frameworks */,
			);
			runOnlyForDeploymentPostprocessing = 0;
		};
		53AB3CF827B582D30072186A /* Frameworks */ = {
			isa = PBXFrameworksBuildPhase;
			buildActionMask = 2147483647;
			files = (
			);
			runOnlyForDeploymentPostprocessing = 0;
		};
		53AB3D0327B582D30072186A /* Frameworks */ = {
			isa = PBXFrameworksBuildPhase;
			buildActionMask = 2147483647;
			files = (
			);
			runOnlyForDeploymentPostprocessing = 0;
		};
/* End PBXFrameworksBuildPhase section */

/* Begin PBXGroup section */
		53AB3CDC27B582BF0072186A = {
			isa = PBXGroup;
			children = (
				53AB3CE727B582C00072186A /* Test */,
				53AB3CFE27B582D30072186A /* TestTests */,
				53AB3D0927B582D30072186A /* TestUITests */,
				53AB3CE627B582C00072186A /* Products */,
				53AB3D1B27B583AF0072186A /* Frameworks */,
			);
			sourceTree = "<group>";
		};
		53AB3CE627B582C00072186A /* Products */ = {
			isa = PBXGroup;
			children = (
				53AB3CE527B582C00072186A /* Test.app */,
				53AB3CFB27B582D30072186A /* TestTests.xctest */,
				53AB3D0627B582D30072186A /* TestUITests.xctest */,
			);
			name = Products;
			sourceTree = "<group>";
		};
		53AB3CE727B582C00072186A /* Test */ = {
			isa = PBXGroup;
			children = (
				53AB3CE827B582C00072186A /* AppDelegate.h */,
				53AB3CE927B582C00072186A /* AppDelegate.m */,
				53AB3CEB27B582C00072186A /* ViewController.h */,
				53AB3CEC27B582C00072186A /* ViewController.m */,
				53AB3CEE27B582D20072186A /* Assets.xcassets */,
				53AB3CF027B582D30072186A /* Main.storyboard */,
				53AB3CF327B582D30072186A /* Info.plist */,
				53AB3CF427B582D30072186A /* main.m */,
				53AB3CF627B582D30072186A /* Test.entitlements */,
			);
			path = Test;
			sourceTree = "<group>";
		};
		53AB3CFE27B582D30072186A /* TestTests */ = {
			isa = PBXGroup;
			children = (
				53AB3CFF27B582D30072186A /* TestTests.m */,
				53AB3D0127B582D30072186A /* Info.plist */,
			);
			path = TestTests;
			sourceTree = "<group>";
		};
		53AB3D0927B582D30072186A /* TestUITests */ = {
			isa = PBXGroup;
			children = (
				53AB3D0A27B582D30072186A /* TestUITests.m */,
				53AB3D0C27B582D30072186A /* Info.plist */,
			);
			path = TestUITests;
			sourceTree = "<group>";
		};
		53AB3D1B27B583AF0072186A /* Frameworks */ = {
			isa = PBXGroup;
			children = (
				53AB3D1D27B583B00072186A /* CoreAudio.framework */,
				53AB3D1C27B583B00072186A /* CoreFoundation.framework */,
			);
			name = Frameworks;
			sourceTree = "<group>";
		};
/* End PBXGroup section */

/* Begin PBXNativeTarget section */
		53AB3CE427B582C00072186A /* Test */ = {
			isa = PBXNativeTarget;
			buildConfigurationList = 53AB3D0F27B582D30072186A /* Build configuration list for PBXNativeTarget "Test" */;
			buildPhases = (
				53AB3CE127B582C00072186A /* Sources */,
				53AB3CE227B582C00072186A /* Frameworks */,
				53AB3CE327B582C00072186A /* Resources */,
			);
			buildRules = (
			);
			dependencies = (
			);
			name = Test;
			productName = Test;
			productReference = 53AB3CE527B582C00072186A /* Test.app */;
			productType = "com.apple.product-type.application";
		};
		53AB3CFA27B582D30072186A /* TestTests */ = {
			isa = PBXNativeTarget;
			buildConfigurationList = 53AB3D1227B582D30072186A /* Build configuration list for PBXNativeTarget "TestTests" */;
			buildPhases = (
				53AB3CF727B582D30072186A /* Sources */,
				53AB3CF827B582D30072186A /* Frameworks */,
				53AB3CF927B582D30072186A /* Resources */,
			);
			buildRules = (
			);
			dependencies = (
				53AB3CFD27B582D30072186A /* PBXTargetDependency */,
			);
			name = TestTests;
			productName = TestTests;
			productReference = 53AB3CFB27B582D30072186A /* TestTests.xctest */;
			productType = "com.apple.product-type.bundle.unit-test";
		};
		53AB3D0527B582D30072186A /* TestUITests */ = {
			isa = PBXNativeTarget;
			buildConfigurationList = 53AB3D1527B582D30072186A /* Build configuration list for PBXNativeTarget "TestUITests" */;
			buildPhases = (
				53AB3D0227B582D30072186A /* Sources */,
				53AB3D0327B582D30072186A /* Frameworks */,
				53AB3D0427B582D30072186A /* Resources */,
			);
			buildRules = (
			);
			dependencies = (
				53AB3D0827B582D30072186A /* PBXTargetDependency */,
			);
			name = TestUITests;
			productName = TestUITests;
			productReference = 53AB3D0627B582D30072186A /* TestUITests.xctest */;
			productType = "com.apple.product-type.bundle.ui-testing";
		};
/* End PBXNativeTarget section */

/* Begin PBXProject section */
		53AB3CDD27B582BF0072186A /* Project object */ = {
			isa = PBXProject;
			attributes = {
				LastUpgradeCheck = 1220;
				TargetAttributes = {
					53AB3CE427B582C00072186A = {
						CreatedOnToolsVersion = 12.2;
					};
					53AB3CFA27B582D30072186A = {
						CreatedOnToolsVersion = 12.2;
						TestTargetID = 53AB3CE427B582C00072186A;
					};
					53AB3D0527B582D30072186A = {
						CreatedOnToolsVersion = 12.2;
						TestTargetID = 53AB3CE427B582C00072186A;
					};
				};
			};
			buildConfigurationList = 53AB3CE027B582BF0072186A /* Build configuration list for PBXProject "Test" */;
			compatibilityVersion = "Xcode 9.3";
			developmentRegion = en;
			hasScannedForEncodings = 0;
			knownRegions = (
				en,
				Base,
			);
			mainGroup = 53AB3CDC27B582BF0072186A;
			productRefGroup = 53AB3CE627B582C00072186A /* Products */;
			projectDirPath = "";
			projectRoot = "";
			targets = (
				53AB3CE427B582C00072186A /* Test */,
				53AB3CFA27B582D30072186A /* TestTests */,
				53AB3D0527B582D30072186A /* TestUITests */,
			);
		};
/* End PBXProject section */

/* Begin PBXResourcesBuildPhase section */
		53AB3CE327B582C00072186A /* Resources */ = {
			isa = PBXResourcesBuildPhase;
			buildActionMask = 2147483647;
			files = (
				53AB3CEF27B582D20072186A /* Assets.xcassets in Resources */,
				53AB3CF227B582D30072186A /* Main.storyboard in Resources */,
			);
			runOnlyForDeploymentPostprocessing = 0;
		};
		53AB3CF927B582D30072186A /* Resources */ = {
			isa = PBXResourcesBuildPhase;
			buildActionMask = 2147483647;
			files = (
			);
			runOnlyForDeploymentPostprocessing = 0;
		};
		53AB3D0427B582D30072186A /* Resources */ = {
			isa = PBXResourcesBuildPhase;
			buildActionMask = 2147483647;
			files = (
			);
			runOnlyForDeploymentPostprocessing = 0;
		};
/* End PBXResourcesBuildPhase section */

/* Begin PBXSourcesBuildPhase section */
		53AB3CE127B582C00072186A /* Sources */ = {
			isa = PBXSourcesBuildPhase;
			buildActionMask = 2147483647;
			files = (
				53AB3CED27B582C00072186A /* ViewController.m in Sources */,
				53AB3CF527B582D30072186A /* main.m in Sources */,
				53AB3CEA27B582C00072186A /* AppDelegate.m in Sources */,
			);
			runOnlyForDeploymentPostprocessing = 0;
		};
		53AB3CF727B582D30072186A /* Sources */ = {
			isa = PBXSourcesBuildPhase;
			buildActionMask = 2147483647;
			files = (
				53AB3D0027B582D30072186A /* TestTests.m in Sources */,
			);
			runOnlyForDeploymentPostprocessing = 0;
		};
		53AB3D0227B582D30072186A /* Sources */ = {
			isa = PBXSourcesBuildPhase;
			buildActionMask = 2147483647;
			files = (
				53AB3D0B27B582D30072186A /* TestUITests.m in Sources */,
			);
			runOnlyForDeploymentPostprocessing = 0;
		};
/* End PBXSourcesBuildPhase section */

/* Begin PBXTargetDependency section */
		53AB3CFD27B582D30072186A /* PBXTargetDependency */ = {
			isa = PBXTargetDependency;
			target = 53AB3CE427B582C00072186A /* Test */;
			targetProxy = 53AB3CFC27B582D30072186A /* PBXContainerItemProxy */;
		};
		53AB3D0827B582D30072186A /* PBXTargetDependency */ = {
			isa = PBXTargetDependency;
			target = 53AB3CE427B582C00072186A /* Test */;
			targetProxy = 53AB3D0727B582D30072186A /* PBXContainerItemProxy */;
		};
/* End PBXTargetDependency section */

/* Begin PBXVariantGroup section */
		53AB3CF027B582D30072186A /* Main.storyboard */ = {
			isa = PBXVariantGroup;
			children = (
				53AB3CF127B582D30072186A /* Base */,
			);
			name = Main.storyboard;
			sourceTree = "<group>";
		};
/* End PBXVariantGroup section */

/* Begin XCBuildConfiguration section */
		53AB3D0D27B582D30072186A /* Debug */ = {
			isa = XCBuildConfiguration;
			buildSettings = {
				ALWAYS_SEARCH_USER_PATHS = NO;
				CLANG_ANALYZER_NONNULL = YES;
				CLANG_ANALYZER_NUMBER_OBJECT_CONVERSION = YES_AGGRESSIVE;
				CLANG_CXX_LANGUAGE_STANDARD = "gnu++14";
				CLANG_CXX_LIBRARY = "libc++";
				CLANG_ENABLE_MODULES = YES;
				CLANG_ENABLE_OBJC_ARC = YES;
				CLANG_ENABLE_OBJC_WEAK = YES;
				CLANG_WARN_BLOCK_CAPTURE_AUTORELEASING = YES;
				CLANG_WARN_BOOL_CONVERSION = YES;
				CLANG_WARN_COMMA = YES;
				CLANG_WARN_CONSTANT_CONVERSION = YES;
				CLANG_WARN_DEPRECATED_OBJC_IMPLEMENTATIONS = YES;
				CLANG_WARN_DIRECT_OBJC_ISA_USAGE = YES_ERROR;
				CLANG_WARN_DOCUMENTATION_COMMENTS = YES;
				CLANG_WARN_EMPTY_BODY = YES;
				CLANG_WARN_ENUM_CONVERSION = YES;
				CLANG_WARN_INFINITE_RECURSION = YES;
				CLANG_WARN_INT_CONVERSION = YES;
				CLANG_WARN_NON_LITERAL_NULL_CONVERSION = YES;
				CLANG_WARN_OBJC_IMPLICIT_RETAIN_SELF = YES;
				CLANG_WARN_OBJC_LITERAL_CONVERSION = YES;
				CLANG_WARN_OBJC_ROOT_CLASS = YES_ERROR;
				CLANG_WARN_QUOTED_INCLUDE_IN_FRAMEWORK_HEADER = YES;
				CLANG_WARN_RANGE_LOOP_ANALYSIS = YES;
				CLANG_WARN_STRICT_PROTOTYPES = YES;
				CLANG_WARN_SUSPICIOUS_MOVE = YES;
				CLANG_WARN_UNGUARDED_AVAILABILITY = YES_AGGRESSIVE;
				CLANG_WARN_UNREACHABLE_CODE = YES;
				CLANG_WARN__DUPLICATE_METHOD_MATCH = YES;
				COPY_PHASE_STRIP = NO;
				DEBUG_INFORMATION_FORMAT = dwarf;
				ENABLE_STRICT_OBJC_MSGSEND = YES;
				ENABLE_TESTABILITY = YES;
				GCC_C_LANGUAGE_STANDARD = gnu11;
				GCC_DYNAMIC_NO_PIC = NO;
				GCC_NO_COMMON_BLOCKS = YES;
				GCC_OPTIMIZATION_LEVEL = 0;
				GCC_PREPROCESSOR_DEFINITIONS = (
					"DEBUG=1",
					"$(inherited)",
				);
				GCC_WARN_64_TO_32_BIT_CONVERSION = YES;
				GCC_WARN_ABOUT_RETURN_TYPE = YES_ERROR;
				GCC_WARN_UNDECLARED_SELECTOR = YES;
				GCC_WARN_UNINITIALIZED_AUTOS = YES_AGGRESSIVE;
				GCC_WARN_UNUSED_FUNCTION = YES;
				GCC_WARN_UNUSED_VARIABLE = YES;
				MACOSX_DEPLOYMENT_TARGET = 11.0;
				MTL_ENABLE_DEBUG_INFO = INCLUDE_SOURCE;
				MTL_FAST_MATH = YES;
				ONLY_ACTIVE_ARCH = YES;
				SDKROOT = macosx;
			};
			name = Debug;
		};
		53AB3D0E27B582D30072186A /* Release */ = {
			isa = XCBuildConfiguration;
			buildSettings = {
				ALWAYS_SEARCH_USER_PATHS = NO;
				CLANG_ANALYZER_NONNULL = YES;
				CLANG_ANALYZER_NUMBER_OBJECT_CONVERSION = YES_AGGRESSIVE;
				CLANG_CXX_LANGUAGE_STANDARD = "gnu++14";
				CLANG_CXX_LIBRARY = "libc++";
				CLANG_ENABLE_MODULES = YES;
				CLANG_ENABLE_OBJC_ARC = YES;
				CLANG_ENABLE_OBJC_WEAK = YES;
				CLANG_WARN_BLOCK_CAPTURE_AUTORELEASING = YES;
				CLANG_WARN_BOOL_CONVERSION = YES;
				CLANG_WARN_COMMA = YES;
				CLANG_WARN_CONSTANT_CONVERSION = YES;
				CLANG_WARN_DEPRECATED_OBJC_IMPLEMENTATIONS = YES;
				CLANG_WARN_DIRECT_OBJC_ISA_USAGE = YES_ERROR;
				CLANG_WARN_DOCUMENTATION_COMMENTS = YES;
				CLANG_WARN_EMPTY_BODY = YES;
				CLANG_WARN_ENUM_CONVERSION = YES;
				CLANG_WARN_INFINITE_RECURSION = YES;
				CLANG_WARN_INT_CONVERSION = YES;
				CLANG_WARN_NON_LITERAL_NULL_CONVERSION = YES;
				CLANG_WARN_OBJC_IMPLICIT_RETAIN_SELF = YES;
				CLANG_WARN_OBJC_LITERAL_CONVERSION = YES;
				CLANG_WARN_OBJC_ROOT_CLASS = YES_ERROR;
				CLANG_WARN_QUOTED_INCLUDE_IN_FRAMEWORK_HEADER = YES;
				CLANG_WARN_RANGE_LOOP_ANALYSIS = YES;
				CLANG_WARN_STRICT_PROTOTYPES = YES;
				CLANG_WARN_SUSPICIOUS_MOVE = YES;
				CLANG_WARN_UNGUARDED_AVAILABILITY = YES_AGGRESSIVE;
				CLANG_WARN_UNREACHABLE_CODE = YES;
				CLANG_WARN__DUPLICATE_METHOD_MATCH = YES;
				COPY_PHASE_STRIP = NO;
				DEBUG_INFORMATION_FORMAT = "dwarf-with-dsym";
				ENABLE_NS_ASSERTIONS = NO;
				ENABLE_STRICT_OBJC_MSGSEND = YES;
				GCC_C_LANGUAGE_STANDARD = gnu11;
				GCC_NO_COMMON_BLOCKS = YES;
				GCC_WARN_64_TO_32_BIT_CONVERSION = YES;
				GCC_WARN_ABOUT_RETURN_TYPE = YES_ERROR;
				GCC_WARN_UNDECLARED_SELECTOR = YES;
				GCC_WARN_UNINITIALIZED_AUTOS = YES_AGGRESSIVE;
				GCC_WARN_UNUSED_FUNCTION = YES;
				GCC_WARN_UNUSED_VARIABLE = YES;
				MACOSX_DEPLOYMENT_TARGET = 11.0;
				MTL_ENABLE_DEBUG_INFO = NO;
				MTL_FAST_MATH = YES;
				SDKROOT = macosx;
			};
			name = Release;
		};
		53AB3D1027B582D30072186A /* Debug */ = {
			isa = XCBuildConfiguration;
			buildSettings = {
				ASSETCATALOG_COMPILER_APPICON_NAME = AppIcon;
				ASSETCATALOG_COMPILER_GLOBAL_ACCENT_COLOR_NAME = AccentColor;
				CODE_SIGN_ENTITLEMENTS = Test/Test.entitlements;
				CODE_SIGN_STYLE = Automatic;
				COMBINE_HIDPI_IMAGES = YES;
				INFOPLIST_FILE = Test/Info.plist;
				LD_RUNPATH_SEARCH_PATHS = (
					"$(inherited)",
					"@executable_path/../Frameworks",
				);
				PRODUCT_BUNDLE_IDENTIFIER = com.test.Test;
				PRODUCT_NAME = "$(TARGET_NAME)";
			};
			name = Debug;
		};
		53AB3D1127B582D30072186A /* Release */ = {
			isa = XCBuildConfiguration;
			buildSettings = {
				ASSETCATALOG_COMPILER_APPICON_NAME = AppIcon;
				ASSETCATALOG_COMPILER_GLOBAL_ACCENT_COLOR_NAME = AccentColor;
				CODE_SIGN_ENTITLEMENTS = Test/Test.entitlements;
				CODE_SIGN_STYLE = Automatic;
				COMBINE_HIDPI_IMAGES = YES;
				INFOPLIST_FILE = Test/Info.plist;
				LD_RUNPATH_SEARCH_PATHS = (
					"$(inherited)",
					"@executable_path/../Frameworks",
				);
				PRODUCT_BUNDLE_IDENTIFIER = com.test.Test;
				PRODUCT_NAME = "$(TARGET_NAME)";
			};
			name = Release;
		};
		53AB3D1327B582D30072186A /* Debug */ = {
			isa = XCBuildConfiguration;
			buildSettings = {
				BUNDLE_LOADER = "$(TEST_HOST)";
				CODE_SIGN_STYLE = Automatic;
				COMBINE_HIDPI_IMAGES = YES;
				INFOPLIST_FILE = TestTests/Info.plist;
				LD_RUNPATH_SEARCH_PATHS = (
					"$(inherited)",
					"@executable_path/../Frameworks",
					"@loader_path/../Frameworks",
				);
				MACOSX_DEPLOYMENT_TARGET = 11.0;
				PRODUCT_BUNDLE_IDENTIFIER = com.test.TestTests;
				PRODUCT_NAME = "$(TARGET_NAME)";
				TEST_HOST = "$(BUILT_PRODUCTS_DIR)/Test.app/Contents/MacOS/Test";
			};
			name = Debug;
		};
		53AB3D1427B582D30072186A /* Release */ = {
			isa = XCBuildConfiguration;
			buildSettings = {
				BUNDLE_LOADER = "$(TEST_HOST)";
				CODE_SIGN_STYLE = Automatic;
				COMBINE_HIDPI_IMAGES = YES;
				INFOPLIST_FILE = TestTests/Info.plist;
				LD_RUNPATH_SEARCH_PATHS = (
					"$(inherited)",
					"@executable_path/../Frameworks",
					"@loader_path/../Frameworks",
				);
				MACOSX_DEPLOYMENT_TARGET = 11.0;
				PRODUCT_BUNDLE_IDENTIFIER = com.test.TestTests;
				PRODUCT_NAME = "$(TARGET_NAME)";
				TEST_HOST = "$(BUILT_PRODUCTS_DIR)/Test.app/Contents/MacOS/Test";
			};
			name = Release;
		};
		53AB3D1627B582D30072186A /* Debug */ = {
			isa = XCBuildConfiguration;
			buildSettings = {
				CODE_SIGN_STYLE = Automatic;
				COMBINE_HIDPI_IMAGES = YES;
				INFOPLIST_FILE = TestUITests/Info.plist;
				LD_RUNPATH_SEARCH_PATHS = (
					"$(inherited)",
					"@executable_path/../Frameworks",
					"@loader_path/../Frameworks",
				);
				PRODUCT_BUNDLE_IDENTIFIER = com.test.TestUITests;
				PRODUCT_NAME = "$(TARGET_NAME)";
				TEST_TARGET_NAME = Test;
			};
			name = Debug;
		};
		53AB3D1727B582D30072186A /* Release */ = {
			isa = XCBuildConfiguration;
			buildSettings = {
				CODE_SIGN_STYLE = Automatic;
				COMBINE_HIDPI_IMAGES = YES;
				INFOPLIST_FILE = TestUITests/Info.plist;
				LD_RUNPATH_SEARCH_PATHS = (
					"$(inherited)",
					"@executable_path/../Frameworks",
					"@loader_path/../Frameworks",
				);
				PRODUCT_BUNDLE_IDENTIFIER = com.test.TestUITests;
				PRODUCT_NAME = "$(TARGET_NAME)";
				TEST_TARGET_NAME = Test;
			};
			name = Release;
		};
/* End XCBuildConfiguration section */

/* Begin XCConfigurationList section */
		53AB3CE027B582BF0072186A /* Build configuration list for PBXProject "Test" */ = {
			isa = XCConfigurationList;
			buildConfigurations = (
				53AB3D0D27B582D30072186A /* Debug */,
				53AB3D0E27B582D30072186A /* Release */,
			);
			defaultConfigurationIsVisible = 0;
			defaultConfigurationName = Release;
		};
		53AB3D0F27B582D30072186A /* Build configuration list for PBXNativeTarget "Test" */ = {
			isa = XCConfigurationList;
			buildConfigurations = (
				53AB3D1027B582D30072186A /* Debug */,
				53AB3D1127B582D30072186A /* Release */,
			);
			defaultConfigurationIsVisible = 0;
			defaultConfigurationName = Release;
		};
		53AB3D1227B582D30072186A /* Build configuration list for PBXNativeTarget "TestTests" */ = {
			isa = XCConfigurationList;
			buildConfigurations = (
				53AB3D1327B582D30072186A /* Debug */,
				53AB3D1427B582D30072186A /* Release */,
			);
			defaultConfigurationIsVisible = 0;
			defaultConfigurationName = Release;
		};
		53AB3D1527B582D30072186A /* Build configuration list for PBXNativeTarget "TestUITests" */ = {
			isa = XCConfigurationList;
			buildConfigurations = (
				53AB3D1627B582D30072186A /* Debug */,
				53AB3D1727B582D30072186A /* Release */,
			);
			defaultConfigurationIsVisible = 0;
			defaultConfigurationName = Release;
		};
/* End XCConfigurationList section */
	};
	rootObject = 53AB3CDD27B582BF0072186A /* Project object */;
}
